// !$*UTF8*$!
{
	archiveVersion = 1;
	classes = {
	};
	objectVersion = 55;
	objects = {

/* Begin PBXBuildFile section */
		3C2DA3D128009A3F00B1BCE4 /* SetupProfile.storyboard in Resources */ = {isa = PBXBuildFile; fileRef = 3C2DA3D028009A3F00B1BCE4 /* SetupProfile.storyboard */; };
		3C2DA3D328009D3500B1BCE4 /* SetupProfileViewController.swift in Sources */ = {isa = PBXBuildFile; fileRef = 3C2DA3D228009D3500B1BCE4 /* SetupProfileViewController.swift */; };
		4C123DFC2804278200D788DA /* SessionHelper.swift in Sources */ = {isa = PBXBuildFile; fileRef = 4C123DFB2804278200D788DA /* SessionHelper.swift */; };
		4C123DFF28043D9700D788DA /* NSDate+Ext.swift in Sources */ = {isa = PBXBuildFile; fileRef = 4C123DFE28043D9700D788DA /* NSDate+Ext.swift */; };
		4C60567327FFF4100022D107 /* SFCompactDisplay-Regular.ttf in Resources */ = {isa = PBXBuildFile; fileRef = 4C60566F27FFF4100022D107 /* SFCompactDisplay-Regular.ttf */; };
		4C60567427FFF4100022D107 /* SFProDisplay-Bold.ttf in Resources */ = {isa = PBXBuildFile; fileRef = 4C60567027FFF4100022D107 /* SFProDisplay-Bold.ttf */; };
		4C60567527FFF4100022D107 /* SFProDisplay-Semibold.ttf in Resources */ = {isa = PBXBuildFile; fileRef = 4C60567127FFF4100022D107 /* SFProDisplay-Semibold.ttf */; };
		4C60567627FFF4100022D107 /* SFProDisplay-Regular.ttf in Resources */ = {isa = PBXBuildFile; fileRef = 4C60567227FFF4100022D107 /* SFProDisplay-Regular.ttf */; };
		4C90F1232801523500C9FF4F /* Settings.swift in Sources */ = {isa = PBXBuildFile; fileRef = 4C90F1222801523500C9FF4F /* Settings.swift */; };
		4C90F1272801575400C9FF4F /* UserProfile.swift in Sources */ = {isa = PBXBuildFile; fileRef = 4C90F1262801575400C9FF4F /* UserProfile.swift */; };
		4C90F12D280165BD00C9FF4F /* AppColor.swift in Sources */ = {isa = PBXBuildFile; fileRef = 4C90F12C280165BC00C9FF4F /* AppColor.swift */; };
		4C90F1402802D2FF00C9FF4F /* CoreDataStack.swift in Sources */ = {isa = PBXBuildFile; fileRef = 4C90F13F2802D2FF00C9FF4F /* CoreDataStack.swift */; };
		4C90F14A2802D5C600C9FF4F /* SessionRepository.swift in Sources */ = {isa = PBXBuildFile; fileRef = 4C90F1492802D5C600C9FF4F /* SessionRepository.swift */; };
		4C90F16B2802E11400C9FF4F /* CoreDataRepository.swift in Sources */ = {isa = PBXBuildFile; fileRef = 4C90F16A2802E11400C9FF4F /* CoreDataRepository.swift */; };
		4C90F17A2802E8A200C9FF4F /* Session.swift in Sources */ = {isa = PBXBuildFile; fileRef = 4C90F1792802E8A200C9FF4F /* Session.swift */; };
		4C90F17E2802F0F200C9FF4F /* BaseEntity.swift in Sources */ = {isa = PBXBuildFile; fileRef = 4C90F17D2802F0F200C9FF4F /* BaseEntity.swift */; };
		4C97D10827FE09D6005989A7 /* AppDelegate.swift in Sources */ = {isa = PBXBuildFile; fileRef = 4C97D10727FE09D6005989A7 /* AppDelegate.swift */; };
		4C97D10A27FE09D6005989A7 /* SceneDelegate.swift in Sources */ = {isa = PBXBuildFile; fileRef = 4C97D10927FE09D6005989A7 /* SceneDelegate.swift */; };
		4C97D10C27FE09D6005989A7 /* HomeViewController.swift in Sources */ = {isa = PBXBuildFile; fileRef = 4C97D10B27FE09D6005989A7 /* HomeViewController.swift */; };
		4C97D11127FE09D8005989A7 /* Assets.xcassets in Resources */ = {isa = PBXBuildFile; fileRef = 4C97D11027FE09D8005989A7 /* Assets.xcassets */; };
		4C97D11427FE09D8005989A7 /* LaunchScreen.storyboard in Resources */ = {isa = PBXBuildFile; fileRef = 4C97D11227FE09D8005989A7 /* LaunchScreen.storyboard */; };
		4C97D11C27FE0A67005989A7 /* .gitignore in Resources */ = {isa = PBXBuildFile; fileRef = 4C97D11B27FE0A67005989A7 /* .gitignore */; };
		4C97D11E27FE0ADB005989A7 /* README.md in Resources */ = {isa = PBXBuildFile; fileRef = 4C97D11D27FE0ADB005989A7 /* README.md */; };
		4C97D12D27FE83FF005989A7 /* Home.storyboard in Resources */ = {isa = PBXBuildFile; fileRef = 4C97D12C27FE83FF005989A7 /* Home.storyboard */; };
		4CAF32262803228200E58F89 /* BiingeModel.xcdatamodeld in Sources */ = {isa = PBXBuildFile; fileRef = 4CAF32242803228200E58F89 /* BiingeModel.xcdatamodeld */; };
		4CAF322D2803261B00E58F89 /* CDPreferencePreset+CoreDataClass.swift in Sources */ = {isa = PBXBuildFile; fileRef = 4CAF32272803261B00E58F89 /* CDPreferencePreset+CoreDataClass.swift */; };
		4CAF322E2803261B00E58F89 /* CDPreferencePreset+CoreDataProperties.swift in Sources */ = {isa = PBXBuildFile; fileRef = 4CAF32282803261B00E58F89 /* CDPreferencePreset+CoreDataProperties.swift */; };
		4CAF322F2803261B00E58F89 /* CDPointHistory+CoreDataClass.swift in Sources */ = {isa = PBXBuildFile; fileRef = 4CAF32292803261B00E58F89 /* CDPointHistory+CoreDataClass.swift */; };
		4CAF32302803261B00E58F89 /* CDPointHistory+CoreDataProperties.swift in Sources */ = {isa = PBXBuildFile; fileRef = 4CAF322A2803261B00E58F89 /* CDPointHistory+CoreDataProperties.swift */; };
		4CAF32312803261B00E58F89 /* CDSession+CoreDataClass.swift in Sources */ = {isa = PBXBuildFile; fileRef = 4CAF322B2803261B00E58F89 /* CDSession+CoreDataClass.swift */; };
		4CAF32322803261B00E58F89 /* CDSession+CoreDataProperties.swift in Sources */ = {isa = PBXBuildFile; fileRef = 4CAF322C2803261B00E58F89 /* CDSession+CoreDataProperties.swift */; };
		4CAF323428033C0200E58F89 /* PointHistoryRepository.swift in Sources */ = {isa = PBXBuildFile; fileRef = 4CAF323328033C0200E58F89 /* PointHistoryRepository.swift */; };
		4CAF323628033C3500E58F89 /* PointHistory.swift in Sources */ = {isa = PBXBuildFile; fileRef = 4CAF323528033C3500E58F89 /* PointHistory.swift */; };
		4CAF323828033C4B00E58F89 /* PreferencePreset.swift in Sources */ = {isa = PBXBuildFile; fileRef = 4CAF323728033C4B00E58F89 /* PreferencePreset.swift */; };
		4CAF323A28033DFB00E58F89 /* PreferencePresetRepository.swift in Sources */ = {isa = PBXBuildFile; fileRef = 4CAF323928033DFB00E58F89 /* PreferencePresetRepository.swift */; };
		4CAF32422803CC5600E58F89 /* Test.storyboard in Resources */ = {isa = PBXBuildFile; fileRef = 4CAF32412803CC5600E58F89 /* Test.storyboard */; };
		4CAF32442803CC6700E58F89 /* TestViewController.swift in Sources */ = {isa = PBXBuildFile; fileRef = 4CAF32432803CC6700E58F89 /* TestViewController.swift */; };
		4CAF32472803D7BC00E58F89 /* NotificationHelper.swift in Sources */ = {isa = PBXBuildFile; fileRef = 4CAF32462803D7BC00E58F89 /* NotificationHelper.swift */; };
		4CAF324928041D0B00E58F89 /* AVHelper.swift in Sources */ = {isa = PBXBuildFile; fileRef = 4CAF324828041D0B00E58F89 /* AVHelper.swift */; };
		A843C9082802D14700C0E5B5 /* InfoViewController.swift in Sources */ = {isa = PBXBuildFile; fileRef = A843C9072802D14700C0E5B5 /* InfoViewController.swift */; };
		A843C90B28037DDA00C0E5B5 /* TabBarViewController.swift in Sources */ = {isa = PBXBuildFile; fileRef = A843C90A28037DDA00C0E5B5 /* TabBarViewController.swift */; };
		A843C90D28037DE600C0E5B5 /* TabBar.storyboard in Resources */ = {isa = PBXBuildFile; fileRef = A843C90C28037DE600C0E5B5 /* TabBar.storyboard */; };
		A84A1921280017D6003BB8F4 /* SetTimeViewController.swift in Sources */ = {isa = PBXBuildFile; fileRef = A84A1920280017D6003BB8F4 /* SetTimeViewController.swift */; };
		A84A192628002B1E003BB8F4 /* DefaultReminderViewController.swift in Sources */ = {isa = PBXBuildFile; fileRef = A84A192528002B1E003BB8F4 /* DefaultReminderViewController.swift */; };
		A84A192828002B45003BB8F4 /* DefaultReminder.storyboard in Resources */ = {isa = PBXBuildFile; fileRef = A84A192728002B45003BB8F4 /* DefaultReminder.storyboard */; };
/* End PBXBuildFile section */

/* Begin PBXFileReference section */
		3C2DA3D028009A3F00B1BCE4 /* SetupProfile.storyboard */ = {isa = PBXFileReference; lastKnownFileType = file.storyboard; path = SetupProfile.storyboard; sourceTree = "<group>"; };
		3C2DA3D228009D3500B1BCE4 /* SetupProfileViewController.swift */ = {isa = PBXFileReference; lastKnownFileType = sourcecode.swift; path = SetupProfileViewController.swift; sourceTree = "<group>"; };
		4C123DFB2804278200D788DA /* SessionHelper.swift */ = {isa = PBXFileReference; lastKnownFileType = sourcecode.swift; path = SessionHelper.swift; sourceTree = "<group>"; };
		4C123DFE28043D9700D788DA /* NSDate+Ext.swift */ = {isa = PBXFileReference; lastKnownFileType = sourcecode.swift; path = "NSDate+Ext.swift"; sourceTree = "<group>"; };
		4C60566F27FFF4100022D107 /* SFCompactDisplay-Regular.ttf */ = {isa = PBXFileReference; lastKnownFileType = file; path = "SFCompactDisplay-Regular.ttf"; sourceTree = "<group>"; };
		4C60567027FFF4100022D107 /* SFProDisplay-Bold.ttf */ = {isa = PBXFileReference; lastKnownFileType = file; path = "SFProDisplay-Bold.ttf"; sourceTree = "<group>"; };
		4C60567127FFF4100022D107 /* SFProDisplay-Semibold.ttf */ = {isa = PBXFileReference; lastKnownFileType = file; path = "SFProDisplay-Semibold.ttf"; sourceTree = "<group>"; };
		4C60567227FFF4100022D107 /* SFProDisplay-Regular.ttf */ = {isa = PBXFileReference; lastKnownFileType = file; path = "SFProDisplay-Regular.ttf"; sourceTree = "<group>"; };
		4C90F1222801523500C9FF4F /* Settings.swift */ = {isa = PBXFileReference; lastKnownFileType = sourcecode.swift; path = Settings.swift; sourceTree = "<group>"; };
		4C90F1262801575400C9FF4F /* UserProfile.swift */ = {isa = PBXFileReference; lastKnownFileType = sourcecode.swift; path = UserProfile.swift; sourceTree = "<group>"; };
		4C90F12C280165BC00C9FF4F /* AppColor.swift */ = {isa = PBXFileReference; lastKnownFileType = sourcecode.swift; path = AppColor.swift; sourceTree = "<group>"; };
		4C90F13F2802D2FF00C9FF4F /* CoreDataStack.swift */ = {isa = PBXFileReference; lastKnownFileType = sourcecode.swift; path = CoreDataStack.swift; sourceTree = "<group>"; };
		4C90F1492802D5C600C9FF4F /* SessionRepository.swift */ = {isa = PBXFileReference; lastKnownFileType = sourcecode.swift; path = SessionRepository.swift; sourceTree = "<group>"; };
		4C90F16A2802E11400C9FF4F /* CoreDataRepository.swift */ = {isa = PBXFileReference; lastKnownFileType = sourcecode.swift; path = CoreDataRepository.swift; sourceTree = "<group>"; };
		4C90F1792802E8A200C9FF4F /* Session.swift */ = {isa = PBXFileReference; lastKnownFileType = sourcecode.swift; path = Session.swift; sourceTree = "<group>"; };
		4C90F17D2802F0F200C9FF4F /* BaseEntity.swift */ = {isa = PBXFileReference; lastKnownFileType = sourcecode.swift; path = BaseEntity.swift; sourceTree = "<group>"; };
		4C97D10427FE09D6005989A7 /* Biinge.app */ = {isa = PBXFileReference; explicitFileType = wrapper.application; includeInIndex = 0; path = Biinge.app; sourceTree = BUILT_PRODUCTS_DIR; };
		4C97D10727FE09D6005989A7 /* AppDelegate.swift */ = {isa = PBXFileReference; lastKnownFileType = sourcecode.swift; path = AppDelegate.swift; sourceTree = "<group>"; };
		4C97D10927FE09D6005989A7 /* SceneDelegate.swift */ = {isa = PBXFileReference; lastKnownFileType = sourcecode.swift; path = SceneDelegate.swift; sourceTree = "<group>"; };
		4C97D10B27FE09D6005989A7 /* HomeViewController.swift */ = {isa = PBXFileReference; lastKnownFileType = sourcecode.swift; path = HomeViewController.swift; sourceTree = "<group>"; };
		4C97D11027FE09D8005989A7 /* Assets.xcassets */ = {isa = PBXFileReference; lastKnownFileType = folder.assetcatalog; path = Assets.xcassets; sourceTree = "<group>"; };
		4C97D11327FE09D8005989A7 /* Base */ = {isa = PBXFileReference; lastKnownFileType = file.storyboard; name = Base; path = Base.lproj/LaunchScreen.storyboard; sourceTree = "<group>"; };
		4C97D11527FE09D8005989A7 /* Info.plist */ = {isa = PBXFileReference; lastKnownFileType = text.plist.xml; path = Info.plist; sourceTree = "<group>"; };
		4C97D11B27FE0A67005989A7 /* .gitignore */ = {isa = PBXFileReference; lastKnownFileType = text; path = .gitignore; sourceTree = "<group>"; };
		4C97D11D27FE0ADB005989A7 /* README.md */ = {isa = PBXFileReference; fileEncoding = 4; lastKnownFileType = net.daringfireball.markdown; path = README.md; sourceTree = "<group>"; };
		4C97D12C27FE83FF005989A7 /* Home.storyboard */ = {isa = PBXFileReference; lastKnownFileType = file.storyboard; path = Home.storyboard; sourceTree = "<group>"; };
		4CAF32252803228200E58F89 /* BiingeModel.xcdatamodel */ = {isa = PBXFileReference; lastKnownFileType = wrapper.xcdatamodel; path = BiingeModel.xcdatamodel; sourceTree = "<group>"; };
		4CAF32272803261B00E58F89 /* CDPreferencePreset+CoreDataClass.swift */ = {isa = PBXFileReference; lastKnownFileType = sourcecode.swift; path = "CDPreferencePreset+CoreDataClass.swift"; sourceTree = "<group>"; };
		4CAF32282803261B00E58F89 /* CDPreferencePreset+CoreDataProperties.swift */ = {isa = PBXFileReference; lastKnownFileType = sourcecode.swift; path = "CDPreferencePreset+CoreDataProperties.swift"; sourceTree = "<group>"; };
		4CAF32292803261B00E58F89 /* CDPointHistory+CoreDataClass.swift */ = {isa = PBXFileReference; lastKnownFileType = sourcecode.swift; path = "CDPointHistory+CoreDataClass.swift"; sourceTree = "<group>"; };
		4CAF322A2803261B00E58F89 /* CDPointHistory+CoreDataProperties.swift */ = {isa = PBXFileReference; lastKnownFileType = sourcecode.swift; path = "CDPointHistory+CoreDataProperties.swift"; sourceTree = "<group>"; };
		4CAF322B2803261B00E58F89 /* CDSession+CoreDataClass.swift */ = {isa = PBXFileReference; lastKnownFileType = sourcecode.swift; path = "CDSession+CoreDataClass.swift"; sourceTree = "<group>"; };
		4CAF322C2803261B00E58F89 /* CDSession+CoreDataProperties.swift */ = {isa = PBXFileReference; lastKnownFileType = sourcecode.swift; path = "CDSession+CoreDataProperties.swift"; sourceTree = "<group>"; };
		4CAF323328033C0200E58F89 /* PointHistoryRepository.swift */ = {isa = PBXFileReference; lastKnownFileType = sourcecode.swift; path = PointHistoryRepository.swift; sourceTree = "<group>"; };
		4CAF323528033C3500E58F89 /* PointHistory.swift */ = {isa = PBXFileReference; lastKnownFileType = sourcecode.swift; path = PointHistory.swift; sourceTree = "<group>"; };
		4CAF323728033C4B00E58F89 /* PreferencePreset.swift */ = {isa = PBXFileReference; lastKnownFileType = sourcecode.swift; path = PreferencePreset.swift; sourceTree = "<group>"; };
		4CAF323928033DFB00E58F89 /* PreferencePresetRepository.swift */ = {isa = PBXFileReference; lastKnownFileType = sourcecode.swift; path = PreferencePresetRepository.swift; sourceTree = "<group>"; };
		4CAF32412803CC5600E58F89 /* Test.storyboard */ = {isa = PBXFileReference; lastKnownFileType = file.storyboard; path = Test.storyboard; sourceTree = "<group>"; };
		4CAF32432803CC6700E58F89 /* TestViewController.swift */ = {isa = PBXFileReference; lastKnownFileType = sourcecode.swift; path = TestViewController.swift; sourceTree = "<group>"; };
		4CAF32462803D7BC00E58F89 /* NotificationHelper.swift */ = {isa = PBXFileReference; lastKnownFileType = sourcecode.swift; path = NotificationHelper.swift; sourceTree = "<group>"; };
		4CAF324828041D0B00E58F89 /* AVHelper.swift */ = {isa = PBXFileReference; lastKnownFileType = sourcecode.swift; path = AVHelper.swift; sourceTree = "<group>"; };
		A843C9072802D14700C0E5B5 /* InfoViewController.swift */ = {isa = PBXFileReference; lastKnownFileType = sourcecode.swift; path = InfoViewController.swift; sourceTree = "<group>"; };
		A843C90A28037DDA00C0E5B5 /* TabBarViewController.swift */ = {isa = PBXFileReference; lastKnownFileType = sourcecode.swift; path = TabBarViewController.swift; sourceTree = "<group>"; };
		A843C90C28037DE600C0E5B5 /* TabBar.storyboard */ = {isa = PBXFileReference; lastKnownFileType = file.storyboard; path = TabBar.storyboard; sourceTree = "<group>"; };
		A84A1920280017D6003BB8F4 /* SetTimeViewController.swift */ = {isa = PBXFileReference; lastKnownFileType = sourcecode.swift; path = SetTimeViewController.swift; sourceTree = "<group>"; };
		A84A192528002B1E003BB8F4 /* DefaultReminderViewController.swift */ = {isa = PBXFileReference; lastKnownFileType = sourcecode.swift; path = DefaultReminderViewController.swift; sourceTree = "<group>"; };
		A84A192728002B45003BB8F4 /* DefaultReminder.storyboard */ = {isa = PBXFileReference; lastKnownFileType = file.storyboard; path = DefaultReminder.storyboard; sourceTree = "<group>"; };
/* End PBXFileReference section */

/* Begin PBXFrameworksBuildPhase section */
		4C97D10127FE09D6005989A7 /* Frameworks */ = {
			isa = PBXFrameworksBuildPhase;
			buildActionMask = 2147483647;
			files = (
			);
			runOnlyForDeploymentPostprocessing = 0;
		};
/* End PBXFrameworksBuildPhase section */

/* Begin PBXGroup section */
		3C2DA3CD28009A1A00B1BCE4 /* SetupProfile */ = {
			isa = PBXGroup;
			children = (
				3C2DA3D028009A3F00B1BCE4 /* SetupProfile.storyboard */,
				3C2DA3D228009D3500B1BCE4 /* SetupProfileViewController.swift */,
			);
			path = SetupProfile;
			sourceTree = "<group>";
		};
		4C123DFD28043D8800D788DA /* Extension */ = {
			isa = PBXGroup;
			children = (
				4C123DFE28043D9700D788DA /* NSDate+Ext.swift */,
			);
			path = Extension;
			sourceTree = "<group>";
		};
		4C60566E27FFF3DF0022D107 /* Fonts */ = {
			isa = PBXGroup;
			children = (
				4C60566F27FFF4100022D107 /* SFCompactDisplay-Regular.ttf */,
				4C60567027FFF4100022D107 /* SFProDisplay-Bold.ttf */,
				4C60567227FFF4100022D107 /* SFProDisplay-Regular.ttf */,
				4C60567127FFF4100022D107 /* SFProDisplay-Semibold.ttf */,
			);
			path = Fonts;
			sourceTree = "<group>";
		};
		4C6056772801400F0022D107 /* Themes */ = {
			isa = PBXGroup;
			children = (
				4C60566E27FFF3DF0022D107 /* Fonts */,
				4C605679280140440022D107 /* UI */,
				4C6056782801403C0022D107 /* Colors */,
			);
			path = Themes;
			sourceTree = "<group>";
		};
		4C6056782801403C0022D107 /* Colors */ = {
			isa = PBXGroup;
			children = (
				4C90F12C280165BC00C9FF4F /* AppColor.swift */,
			);
			path = Colors;
			sourceTree = "<group>";
		};
		4C605679280140440022D107 /* UI */ = {
			isa = PBXGroup;
			children = (
			);
			path = UI;
			sourceTree = "<group>";
		};
		4C60567A280140680022D107 /* CoreData */ = {
			isa = PBXGroup;
			children = (
				4C90F14D2802D9FD00C9FF4F /* Entities */,
				4C90F13F2802D2FF00C9FF4F /* CoreDataStack.swift */,
			);
			path = CoreData;
			sourceTree = "<group>";
		};
		4C90F1212801521B00C9FF4F /* UserDefaults */ = {
			isa = PBXGroup;
			children = (
				4C90F1222801523500C9FF4F /* Settings.swift */,
				4C90F1262801575400C9FF4F /* UserProfile.swift */,
			);
			path = UserDefaults;
			sourceTree = "<group>";
		};
		4C90F14D2802D9FD00C9FF4F /* Entities */ = {
			isa = PBXGroup;
			children = (
				4CAF32272803261B00E58F89 /* CDPreferencePreset+CoreDataClass.swift */,
				4CAF32282803261B00E58F89 /* CDPreferencePreset+CoreDataProperties.swift */,
				4CAF32292803261B00E58F89 /* CDPointHistory+CoreDataClass.swift */,
				4CAF322A2803261B00E58F89 /* CDPointHistory+CoreDataProperties.swift */,
				4CAF322B2803261B00E58F89 /* CDSession+CoreDataClass.swift */,
				4CAF322C2803261B00E58F89 /* CDSession+CoreDataProperties.swift */,
			);
			path = Entities;
			sourceTree = "<group>";
		};
		4C90F16C2802E3A700C9FF4F /* Entities */ = {
			isa = PBXGroup;
			children = (
				4C90F1792802E8A200C9FF4F /* Session.swift */,
				4C90F17D2802F0F200C9FF4F /* BaseEntity.swift */,
				4CAF323528033C3500E58F89 /* PointHistory.swift */,
				4CAF323728033C4B00E58F89 /* PreferencePreset.swift */,
			);
			path = Entities;
			sourceTree = "<group>";
		};
		4C97D0FB27FE09D6005989A7 = {
			isa = PBXGroup;
			children = (
				4C97D11D27FE0ADB005989A7 /* README.md */,
				4C97D11B27FE0A67005989A7 /* .gitignore */,
				4C97D10627FE09D6005989A7 /* Biinge */,
				4C97D10527FE09D6005989A7 /* Products */,
			);
			sourceTree = "<group>";
		};
		4C97D10527FE09D6005989A7 /* Products */ = {
			isa = PBXGroup;
			children = (
				4C97D10427FE09D6005989A7 /* Biinge.app */,
			);
			name = Products;
			sourceTree = "<group>";
		};
		4C97D10627FE09D6005989A7 /* Biinge */ = {
			isa = PBXGroup;
			children = (
				4C6056772801400F0022D107 /* Themes */,
				4C97D12627FE80D4005989A7 /* Model */,
				4C97D12927FE815D005989A7 /* Scenes */,
				4C97D12027FE75B6005989A7 /* Workers */,
				4C97D12A27FE8175005989A7 /* Utilities */,
				4C97D10727FE09D6005989A7 /* AppDelegate.swift */,
				4C97D10927FE09D6005989A7 /* SceneDelegate.swift */,
				4C97D11027FE09D8005989A7 /* Assets.xcassets */,
				4C97D11227FE09D8005989A7 /* LaunchScreen.storyboard */,
				4C97D11527FE09D8005989A7 /* Info.plist */,
				4CAF32242803228200E58F89 /* BiingeModel.xcdatamodeld */,
			);
			path = Biinge;
			sourceTree = "<group>";
		};
		4C97D12027FE75B6005989A7 /* Workers */ = {
			isa = PBXGroup;
			children = (
			);
			path = Workers;
			sourceTree = "<group>";
		};
		4C97D12627FE80D4005989A7 /* Model */ = {
			isa = PBXGroup;
			children = (
				4C90F16C2802E3A700C9FF4F /* Entities */,
				4C90F1492802D5C600C9FF4F /* SessionRepository.swift */,
				4C90F16A2802E11400C9FF4F /* CoreDataRepository.swift */,
				4CAF323328033C0200E58F89 /* PointHistoryRepository.swift */,
				4CAF323928033DFB00E58F89 /* PreferencePresetRepository.swift */,
			);
			path = Model;
			sourceTree = "<group>";
		};
		4C97D12927FE815D005989A7 /* Scenes */ = {
			isa = PBXGroup;
			children = (
				4CAF323C2803C81200E58F89 /* Test */,
				A843C90928037DAB00C0E5B5 /* TabBar */,
				A84A1923280029D7003BB8F4 /* OnBoarding */,
				3C2DA3CD28009A1A00B1BCE4 /* SetupProfile */,
				4C97D12B27FE827B005989A7 /* Home */,
			);
			path = Scenes;
			sourceTree = "<group>";
		};
		4C97D12A27FE8175005989A7 /* Utilities */ = {
			isa = PBXGroup;
			children = (
				4C123DFD28043D8800D788DA /* Extension */,
				4CAF32452803D64C00E58F89 /* Helper */,
				4C90F1212801521B00C9FF4F /* UserDefaults */,
				4C60567A280140680022D107 /* CoreData */,
			);
			path = Utilities;
			sourceTree = "<group>";
		};
		4C97D12B27FE827B005989A7 /* Home */ = {
			isa = PBXGroup;
			children = (
				A8898C632801560C003F62DA /* HomeSetUp */,
			);
			path = Home;
			sourceTree = "<group>";
		};
		4CAF323C2803C81200E58F89 /* Test */ = {
			isa = PBXGroup;
			children = (
				4CAF32412803CC5600E58F89 /* Test.storyboard */,
				4CAF32432803CC6700E58F89 /* TestViewController.swift */,
			);
			path = Test;
			sourceTree = "<group>";
		};
		4CAF32452803D64C00E58F89 /* Helper */ = {
			isa = PBXGroup;
			children = (
				4CAF32462803D7BC00E58F89 /* NotificationHelper.swift */,
				4CAF324828041D0B00E58F89 /* AVHelper.swift */,
				4C123DFB2804278200D788DA /* SessionHelper.swift */,
			);
			path = Helper;
			sourceTree = "<group>";
		};
		A843C90928037DAB00C0E5B5 /* TabBar */ = {
			isa = PBXGroup;
			children = (
				A843C90A28037DDA00C0E5B5 /* TabBarViewController.swift */,
				A843C90C28037DE600C0E5B5 /* TabBar.storyboard */,
			);
			path = TabBar;
			sourceTree = "<group>";
		};
		A84A1923280029D7003BB8F4 /* OnBoarding */ = {
			isa = PBXGroup;
			children = (
				A84A192428002ACF003BB8F4 /* DefaultReminder */,
			);
			path = OnBoarding;
			sourceTree = "<group>";
		};
		A84A192428002ACF003BB8F4 /* DefaultReminder */ = {
			isa = PBXGroup;
			children = (
				A84A192528002B1E003BB8F4 /* DefaultReminderViewController.swift */,
				A84A192728002B45003BB8F4 /* DefaultReminder.storyboard */,
			);
			path = DefaultReminder;
			sourceTree = "<group>";
		};
		A8898C632801560C003F62DA /* HomeSetUp */ = {
			isa = PBXGroup;
			children = (
				A84A1920280017D6003BB8F4 /* SetTimeViewController.swift */,
				A843C9072802D14700C0E5B5 /* InfoViewController.swift */,
				4C97D12C27FE83FF005989A7 /* Home.storyboard */,
				4C97D10B27FE09D6005989A7 /* HomeViewController.swift */,
			);
			path = HomeSetUp;
			sourceTree = "<group>";
		};
/* End PBXGroup section */

/* Begin PBXNativeTarget section */
		4C97D10327FE09D6005989A7 /* Biinge */ = {
			isa = PBXNativeTarget;
			buildConfigurationList = 4C97D11827FE09D8005989A7 /* Build configuration list for PBXNativeTarget "Biinge" */;
			buildPhases = (
				4C97D10027FE09D6005989A7 /* Sources */,
				4C97D10127FE09D6005989A7 /* Frameworks */,
				4C97D10227FE09D6005989A7 /* Resources */,
			);
			buildRules = (
			);
			dependencies = (
			);
			name = Biinge;
			productName = Biinge;
			productReference = 4C97D10427FE09D6005989A7 /* Biinge.app */;
			productType = "com.apple.product-type.application";
		};
/* End PBXNativeTarget section */

/* Begin PBXProject section */
		4C97D0FC27FE09D6005989A7 /* Project object */ = {
			isa = PBXProject;
			attributes = {
				BuildIndependentTargetsInParallel = 1;
				LastSwiftUpdateCheck = 1330;
				LastUpgradeCheck = 1330;
				TargetAttributes = {
					4C97D10327FE09D6005989A7 = {
						CreatedOnToolsVersion = 13.3;
					};
				};
			};
			buildConfigurationList = 4C97D0FF27FE09D6005989A7 /* Build configuration list for PBXProject "Biinge" */;
			compatibilityVersion = "Xcode 13.0";
			developmentRegion = en;
			hasScannedForEncodings = 0;
			knownRegions = (
				en,
				Base,
			);
			mainGroup = 4C97D0FB27FE09D6005989A7;
			productRefGroup = 4C97D10527FE09D6005989A7 /* Products */;
			projectDirPath = "";
			projectRoot = "";
			targets = (
				4C97D10327FE09D6005989A7 /* Biinge */,
			);
		};
/* End PBXProject section */

/* Begin PBXResourcesBuildPhase section */
		4C97D10227FE09D6005989A7 /* Resources */ = {
			isa = PBXResourcesBuildPhase;
			buildActionMask = 2147483647;
			files = (
				4C60567627FFF4100022D107 /* SFProDisplay-Regular.ttf in Resources */,
				A843C90D28037DE600C0E5B5 /* TabBar.storyboard in Resources */,
				4C97D11C27FE0A67005989A7 /* .gitignore in Resources */,
				4C60567527FFF4100022D107 /* SFProDisplay-Semibold.ttf in Resources */,
				4C97D11427FE09D8005989A7 /* LaunchScreen.storyboard in Resources */,
				4C97D11E27FE0ADB005989A7 /* README.md in Resources */,
				4C97D11127FE09D8005989A7 /* Assets.xcassets in Resources */,
				A84A192828002B45003BB8F4 /* DefaultReminder.storyboard in Resources */,
				4CAF32422803CC5600E58F89 /* Test.storyboard in Resources */,
				4C60567427FFF4100022D107 /* SFProDisplay-Bold.ttf in Resources */,
				4C97D12D27FE83FF005989A7 /* Home.storyboard in Resources */,
				3C2DA3D128009A3F00B1BCE4 /* SetupProfile.storyboard in Resources */,
				4C60567327FFF4100022D107 /* SFCompactDisplay-Regular.ttf in Resources */,
			);
			runOnlyForDeploymentPostprocessing = 0;
		};
/* End PBXResourcesBuildPhase section */

/* Begin PBXSourcesBuildPhase section */
		4C97D10027FE09D6005989A7 /* Sources */ = {
			isa = PBXSourcesBuildPhase;
			buildActionMask = 2147483647;
			files = (
				A843C9082802D14700C0E5B5 /* InfoViewController.swift in Sources */,
				A84A1921280017D6003BB8F4 /* SetTimeViewController.swift in Sources */,
				4C97D10C27FE09D6005989A7 /* HomeViewController.swift in Sources */,
				A84A192628002B1E003BB8F4 /* DefaultReminderViewController.swift in Sources */,
				A843C90B28037DDA00C0E5B5 /* TabBarViewController.swift in Sources */,
				3C2DA3D328009D3500B1BCE4 /* SetupProfileViewController.swift in Sources */,
				4C123DFF28043D9700D788DA /* NSDate+Ext.swift in Sources */,
				4CAF32472803D7BC00E58F89 /* NotificationHelper.swift in Sources */,
				4CAF323828033C4B00E58F89 /* PreferencePreset.swift in Sources */,
				4CAF32302803261B00E58F89 /* CDPointHistory+CoreDataProperties.swift in Sources */,
				4C90F17E2802F0F200C9FF4F /* BaseEntity.swift in Sources */,
				4CAF322D2803261B00E58F89 /* CDPreferencePreset+CoreDataClass.swift in Sources */,
				4CAF322F2803261B00E58F89 /* CDPointHistory+CoreDataClass.swift in Sources */,
				4C90F17A2802E8A200C9FF4F /* Session.swift in Sources */,
				4CAF323628033C3500E58F89 /* PointHistory.swift in Sources */,
				4C90F1272801575400C9FF4F /* UserProfile.swift in Sources */,
				4CAF322E2803261B00E58F89 /* CDPreferencePreset+CoreDataProperties.swift in Sources */,
				4C90F1232801523500C9FF4F /* Settings.swift in Sources */,
				4C90F14A2802D5C600C9FF4F /* SessionRepository.swift in Sources */,
				4C123DFC2804278200D788DA /* SessionHelper.swift in Sources */,
				4C90F12D280165BD00C9FF4F /* AppColor.swift in Sources */,
				4C97D10C27FE09D6005989A7 /* HomeViewController.swift in Sources */,
				4CAF32312803261B00E58F89 /* CDSession+CoreDataClass.swift in Sources */,
				4CAF323A28033DFB00E58F89 /* PreferencePresetRepository.swift in Sources */,
				4CAF324928041D0B00E58F89 /* AVHelper.swift in Sources */,
				4C97D10827FE09D6005989A7 /* AppDelegate.swift in Sources */,
				4C97D10A27FE09D6005989A7 /* SceneDelegate.swift in Sources */,
				4C90F16B2802E11400C9FF4F /* CoreDataRepository.swift in Sources */,
				4CAF323428033C0200E58F89 /* PointHistoryRepository.swift in Sources */,
				4CAF32442803CC6700E58F89 /* TestViewController.swift in Sources */,
				4CAF32322803261B00E58F89 /* CDSession+CoreDataProperties.swift in Sources */,
				4C90F1402802D2FF00C9FF4F /* CoreDataStack.swift in Sources */,
				4CAF32262803228200E58F89 /* BiingeModel.xcdatamodeld in Sources */,
			);
			runOnlyForDeploymentPostprocessing = 0;
		};
/* End PBXSourcesBuildPhase section */

/* Begin PBXVariantGroup section */
		4C97D11227FE09D8005989A7 /* LaunchScreen.storyboard */ = {
			isa = PBXVariantGroup;
			children = (
				4C97D11327FE09D8005989A7 /* Base */,
			);
			name = LaunchScreen.storyboard;
			sourceTree = "<group>";
		};
/* End PBXVariantGroup section */

/* Begin XCBuildConfiguration section */
		4C97D11627FE09D8005989A7 /* Debug */ = {
			isa = XCBuildConfiguration;
			buildSettings = {
				ALWAYS_SEARCH_USER_PATHS = NO;
				CLANG_ANALYZER_NONNULL = YES;
				CLANG_ANALYZER_NUMBER_OBJECT_CONVERSION = YES_AGGRESSIVE;
				CLANG_CXX_LANGUAGE_STANDARD = "gnu++17";
				CLANG_ENABLE_MODULES = YES;
				CLANG_ENABLE_OBJC_ARC = YES;
				CLANG_ENABLE_OBJC_WEAK = YES;
				CLANG_WARN_BLOCK_CAPTURE_AUTORELEASING = YES;
				CLANG_WARN_BOOL_CONVERSION = YES;
				CLANG_WARN_COMMA = YES;
				CLANG_WARN_CONSTANT_CONVERSION = YES;
				CLANG_WARN_DEPRECATED_OBJC_IMPLEMENTATIONS = YES;
				CLANG_WARN_DIRECT_OBJC_ISA_USAGE = YES_ERROR;
				CLANG_WARN_DOCUMENTATION_COMMENTS = YES;
				CLANG_WARN_EMPTY_BODY = YES;
				CLANG_WARN_ENUM_CONVERSION = YES;
				CLANG_WARN_INFINITE_RECURSION = YES;
				CLANG_WARN_INT_CONVERSION = YES;
				CLANG_WARN_NON_LITERAL_NULL_CONVERSION = YES;
				CLANG_WARN_OBJC_IMPLICIT_RETAIN_SELF = YES;
				CLANG_WARN_OBJC_LITERAL_CONVERSION = YES;
				CLANG_WARN_OBJC_ROOT_CLASS = YES_ERROR;
				CLANG_WARN_QUOTED_INCLUDE_IN_FRAMEWORK_HEADER = YES;
				CLANG_WARN_RANGE_LOOP_ANALYSIS = YES;
				CLANG_WARN_STRICT_PROTOTYPES = YES;
				CLANG_WARN_SUSPICIOUS_MOVE = YES;
				CLANG_WARN_UNGUARDED_AVAILABILITY = YES_AGGRESSIVE;
				CLANG_WARN_UNREACHABLE_CODE = YES;
				CLANG_WARN__DUPLICATE_METHOD_MATCH = YES;
				COPY_PHASE_STRIP = NO;
				DEBUG_INFORMATION_FORMAT = dwarf;
				"DEVELOPMENT_TEAM[sdk=*]" = GXV96JYG87;
				ENABLE_STRICT_OBJC_MSGSEND = YES;
				ENABLE_TESTABILITY = YES;
				GCC_C_LANGUAGE_STANDARD = gnu11;
				GCC_DYNAMIC_NO_PIC = NO;
				GCC_NO_COMMON_BLOCKS = YES;
				GCC_OPTIMIZATION_LEVEL = 0;
				GCC_PREPROCESSOR_DEFINITIONS = (
					"DEBUG=1",
					"$(inherited)",
				);
				GCC_WARN_64_TO_32_BIT_CONVERSION = YES;
				GCC_WARN_ABOUT_RETURN_TYPE = YES_ERROR;
				GCC_WARN_UNDECLARED_SELECTOR = YES;
				GCC_WARN_UNINITIALIZED_AUTOS = YES_AGGRESSIVE;
				GCC_WARN_UNUSED_FUNCTION = YES;
				GCC_WARN_UNUSED_VARIABLE = YES;
				IPHONEOS_DEPLOYMENT_TARGET = 15.4;
				MTL_ENABLE_DEBUG_INFO = INCLUDE_SOURCE;
				MTL_FAST_MATH = YES;
				ONLY_ACTIVE_ARCH = YES;
				SDKROOT = iphoneos;
				SWIFT_ACTIVE_COMPILATION_CONDITIONS = DEBUG;
				SWIFT_OPTIMIZATION_LEVEL = "-Onone";
			};
			name = Debug;
		};
		4C97D11727FE09D8005989A7 /* Release */ = {
			isa = XCBuildConfiguration;
			buildSettings = {
				ALWAYS_SEARCH_USER_PATHS = NO;
				CLANG_ANALYZER_NONNULL = YES;
				CLANG_ANALYZER_NUMBER_OBJECT_CONVERSION = YES_AGGRESSIVE;
				CLANG_CXX_LANGUAGE_STANDARD = "gnu++17";
				CLANG_ENABLE_MODULES = YES;
				CLANG_ENABLE_OBJC_ARC = YES;
				CLANG_ENABLE_OBJC_WEAK = YES;
				CLANG_WARN_BLOCK_CAPTURE_AUTORELEASING = YES;
				CLANG_WARN_BOOL_CONVERSION = YES;
				CLANG_WARN_COMMA = YES;
				CLANG_WARN_CONSTANT_CONVERSION = YES;
				CLANG_WARN_DEPRECATED_OBJC_IMPLEMENTATIONS = YES;
				CLANG_WARN_DIRECT_OBJC_ISA_USAGE = YES_ERROR;
				CLANG_WARN_DOCUMENTATION_COMMENTS = YES;
				CLANG_WARN_EMPTY_BODY = YES;
				CLANG_WARN_ENUM_CONVERSION = YES;
				CLANG_WARN_INFINITE_RECURSION = YES;
				CLANG_WARN_INT_CONVERSION = YES;
				CLANG_WARN_NON_LITERAL_NULL_CONVERSION = YES;
				CLANG_WARN_OBJC_IMPLICIT_RETAIN_SELF = YES;
				CLANG_WARN_OBJC_LITERAL_CONVERSION = YES;
				CLANG_WARN_OBJC_ROOT_CLASS = YES_ERROR;
				CLANG_WARN_QUOTED_INCLUDE_IN_FRAMEWORK_HEADER = YES;
				CLANG_WARN_RANGE_LOOP_ANALYSIS = YES;
				CLANG_WARN_STRICT_PROTOTYPES = YES;
				CLANG_WARN_SUSPICIOUS_MOVE = YES;
				CLANG_WARN_UNGUARDED_AVAILABILITY = YES_AGGRESSIVE;
				CLANG_WARN_UNREACHABLE_CODE = YES;
				CLANG_WARN__DUPLICATE_METHOD_MATCH = YES;
				COPY_PHASE_STRIP = NO;
				DEBUG_INFORMATION_FORMAT = "dwarf-with-dsym";
				ENABLE_NS_ASSERTIONS = NO;
				ENABLE_STRICT_OBJC_MSGSEND = YES;
				GCC_C_LANGUAGE_STANDARD = gnu11;
				GCC_NO_COMMON_BLOCKS = YES;
				GCC_WARN_64_TO_32_BIT_CONVERSION = YES;
				GCC_WARN_ABOUT_RETURN_TYPE = YES_ERROR;
				GCC_WARN_UNDECLARED_SELECTOR = YES;
				GCC_WARN_UNINITIALIZED_AUTOS = YES_AGGRESSIVE;
				GCC_WARN_UNUSED_FUNCTION = YES;
				GCC_WARN_UNUSED_VARIABLE = YES;
				IPHONEOS_DEPLOYMENT_TARGET = 15.4;
				MTL_ENABLE_DEBUG_INFO = NO;
				MTL_FAST_MATH = YES;
				SDKROOT = iphoneos;
				SWIFT_COMPILATION_MODE = wholemodule;
				SWIFT_OPTIMIZATION_LEVEL = "-O";
				VALIDATE_PRODUCT = YES;
			};
			name = Release;
		};
		4C97D11927FE09D8005989A7 /* Debug */ = {
			isa = XCBuildConfiguration;
			buildSettings = {
				ASSETCATALOG_COMPILER_APPICON_NAME = AppIcon;
				ASSETCATALOG_COMPILER_GLOBAL_ACCENT_COLOR_NAME = AccentColor;
				CODE_SIGN_STYLE = Automatic;
				CURRENT_PROJECT_VERSION = 1;
				DEVELOPMENT_TEAM = GXV96JYG87;
				GENERATE_INFOPLIST_FILE = YES;
				INFOPLIST_FILE = Biinge/Info.plist;
				INFOPLIST_KEY_CFBundleDisplayName = BIInge;
				INFOPLIST_KEY_UIApplicationSupportsIndirectInputEvents = YES;
				INFOPLIST_KEY_UILaunchStoryboardName = LaunchScreen;
				INFOPLIST_KEY_UIMainStoryboardFile = Home;
				INFOPLIST_KEY_UISupportedInterfaceOrientations_iPad = "UIInterfaceOrientationPortrait UIInterfaceOrientationPortraitUpsideDown UIInterfaceOrientationLandscapeLeft UIInterfaceOrientationLandscapeRight";
				INFOPLIST_KEY_UISupportedInterfaceOrientations_iPhone = "UIInterfaceOrientationPortrait UIInterfaceOrientationLandscapeLeft UIInterfaceOrientationLandscapeRight";
				LD_RUNPATH_SEARCH_PATHS = (
					"$(inherited)",
					"@executable_path/Frameworks",
				);
				MARKETING_VERSION = 1.0;
				PRODUCT_BUNDLE_IDENTIFIER = morning.team11.biinge;
				PRODUCT_NAME = "$(TARGET_NAME)";
				SWIFT_EMIT_LOC_STRINGS = YES;
				SWIFT_VERSION = 5.0;
				TARGETED_DEVICE_FAMILY = "1,2";
			};
			name = Debug;
		};
		4C97D11A27FE09D8005989A7 /* Release */ = {
			isa = XCBuildConfiguration;
			buildSettings = {
				ASSETCATALOG_COMPILER_APPICON_NAME = AppIcon;
				ASSETCATALOG_COMPILER_GLOBAL_ACCENT_COLOR_NAME = AccentColor;
				CODE_SIGN_STYLE = Automatic;
				CURRENT_PROJECT_VERSION = 1;
				DEVELOPMENT_TEAM = GXV96JYG87;
				GENERATE_INFOPLIST_FILE = YES;
				INFOPLIST_FILE = Biinge/Info.plist;
				INFOPLIST_KEY_CFBundleDisplayName = BIInge;
				INFOPLIST_KEY_UIApplicationSupportsIndirectInputEvents = YES;
				INFOPLIST_KEY_UILaunchStoryboardName = LaunchScreen;
				INFOPLIST_KEY_UIMainStoryboardFile = Home;
				INFOPLIST_KEY_UISupportedInterfaceOrientations_iPad = "UIInterfaceOrientationPortrait UIInterfaceOrientationPortraitUpsideDown UIInterfaceOrientationLandscapeLeft UIInterfaceOrientationLandscapeRight";
				INFOPLIST_KEY_UISupportedInterfaceOrientations_iPhone = "UIInterfaceOrientationPortrait UIInterfaceOrientationLandscapeLeft UIInterfaceOrientationLandscapeRight";
				LD_RUNPATH_SEARCH_PATHS = (
					"$(inherited)",
					"@executable_path/Frameworks",
				);
				MARKETING_VERSION = 1.0;
				PRODUCT_BUNDLE_IDENTIFIER = morning.team11.biinge;
				PRODUCT_NAME = "$(TARGET_NAME)";
				SWIFT_EMIT_LOC_STRINGS = YES;
				SWIFT_VERSION = 5.0;
				TARGETED_DEVICE_FAMILY = "1,2";
			};
			name = Release;
		};
/* End XCBuildConfiguration section */

/* Begin XCConfigurationList section */
		4C97D0FF27FE09D6005989A7 /* Build configuration list for PBXProject "Biinge" */ = {
			isa = XCConfigurationList;
			buildConfigurations = (
				4C97D11627FE09D8005989A7 /* Debug */,
				4C97D11727FE09D8005989A7 /* Release */,
			);
			defaultConfigurationIsVisible = 0;
			defaultConfigurationName = Release;
		};
		4C97D11827FE09D8005989A7 /* Build configuration list for PBXNativeTarget "Biinge" */ = {
			isa = XCConfigurationList;
			buildConfigurations = (
				4C97D11927FE09D8005989A7 /* Debug */,
				4C97D11A27FE09D8005989A7 /* Release */,
			);
			defaultConfigurationIsVisible = 0;
			defaultConfigurationName = Release;
		};
/* End XCConfigurationList section */

/* Begin XCVersionGroup section */
		4CAF32242803228200E58F89 /* BiingeModel.xcdatamodeld */ = {
			isa = XCVersionGroup;
			children = (
				4CAF32252803228200E58F89 /* BiingeModel.xcdatamodel */,
			);
			currentVersion = 4CAF32252803228200E58F89 /* BiingeModel.xcdatamodel */;
			path = BiingeModel.xcdatamodeld;
			sourceTree = "<group>";
			versionGroupType = wrapper.xcdatamodel;
		};
/* End XCVersionGroup section */
	};
	rootObject = 4C97D0FC27FE09D6005989A7 /* Project object */;
}
